
Microsoft Visual Studio Solution File, Format Version 12.00
# Visual Studio Version 16
VisualStudioVersion = 16.0.30611.23
MinimumVisualStudioVersion = 10.0.40219.1
Project("{FAE04EC0-301F-11D3-BF4B-00C04F79EFBC}") = "Calculator", "Calculator\Calculator.csproj", "{792EE0DD-41C3-4205-A17E-AE5B2DB42273}"
EndProject
Global
	GlobalSection(SolutionConfigurationPlatforms) = preSolution
		Debug|Any CPU = Debug|Any CPU
		Release|Any CPU = Release|Any CPU
	EndGlobalSection
	GlobalSection(ProjectConfigurationPlatforms) = postSolution
		{792EE0DD-41C3-4205-A17E-AE5B2DB42273}.Debug|Any CPU.ActiveCfg = Debug|Any CPU
		{792EE0DD-41C3-4205-A17E-AE5B2DB42273}.Debug|Any CPU.Build.0 = Debug|Any CPU
		{792EE0DD-41C3-4205-A17E-AE5B2DB42273}.Release|Any CPU.ActiveCfg = Release|Any CPU
		{792EE0DD-41C3-4205-A17E-AE5B2DB42273}.Release|Any CPU.Build.0 = Release|Any CPU
	EndGlobalSection
	GlobalSection(SolutionProperties) = preSolution
		HideSolutionNode = FALSE
	EndGlobalSection
	GlobalSection(ExtensibilityGlobals) = postSolution
		SolutionGuid = {02F8D3B9-5549-46D7-B8A2-2009F8AC86B7}
	EndGlobalSection
EndGlobal
